
Microsoft Visual Studio Solution File, Format Version 12.00
# Visual Studio Version 17
VisualStudioVersion = 17.6.33815.320
MinimumVisualStudioVersion = 10.0.40219.1
Project("{FAE04EC0-301F-11D3-BF4B-00C04F79EFBC}") = "Online Car Rental", "Online Car Rental\Online Car Rental.csproj", "{F70B3FC9-32E9-4868-BF8B-C2362EC4B05C}"
EndProject
Global
	GlobalSection(SolutionConfigurationPlatforms) = preSolution
		Debug|Any CPU = Debug|Any CPU
		Release|Any CPU = Release|Any CPU
	EndGlobalSection
	GlobalSection(ProjectConfigurationPlatforms) = postSolution
		{F70B3FC9-32E9-4868-BF8B-C2362EC4B05C}.Debug|Any CPU.ActiveCfg = Debug|Any CPU
		{F70B3FC9-32E9-4868-BF8B-C2362EC4B05C}.Debug|Any CPU.Build.0 = Debug|Any CPU
		{F70B3FC9-32E9-4868-BF8B-C2362EC4B05C}.Release|Any CPU.ActiveCfg = Release|Any CPU
		{F70B3FC9-32E9-4868-BF8B-C2362EC4B05C}.Release|Any CPU.Build.0 = Release|Any CPU
	EndGlobalSection
	GlobalSection(SolutionProperties) = preSolution
		HideSolutionNode = FALSE
	EndGlobalSection
	GlobalSection(ExtensibilityGlobals) = postSolution
		SolutionGuid = {719D1DD0-7E40-4395-83BE-3869D63CAA9E}
	EndGlobalSection
EndGlobal
